
Microsoft Visual Studio Solution File, Format Version 12.00
# Visual Studio Version 16
VisualStudioVersion = 16.0.31911.196
MinimumVisualStudioVersion = 10.0.40219.1
Project("{FAE04EC0-301F-11D3-BF4B-00C04F79EFBC}") = "StubHub", "StubHub.csproj", "{A17B058A-0BEC-465E-8EF1-242012AB0674}"
EndProject
Global
	GlobalSection(SolutionConfigurationPlatforms) = preSolution
		Debug|Any CPU = Debug|Any CPU
		Release|Any CPU = Release|Any CPU
	EndGlobalSection
	GlobalSection(ProjectConfigurationPlatforms) = postSolution
		{A17B058A-0BEC-465E-8EF1-242012AB0674}.Debug|Any CPU.ActiveCfg = Debug|Any CPU
		{A17B058A-0BEC-465E-8EF1-242012AB0674}.Debug|Any CPU.Build.0 = Debug|Any CPU
		{A17B058A-0BEC-465E-8EF1-242012AB0674}.Release|Any CPU.ActiveCfg = Release|Any CPU
		{A17B058A-0BEC-465E-8EF1-242012AB0674}.Release|Any CPU.Build.0 = Release|Any CPU
	EndGlobalSection
	GlobalSection(SolutionProperties) = preSolution
		HideSolutionNode = FALSE
	EndGlobalSection
	GlobalSection(ExtensibilityGlobals) = postSolution
		SolutionGuid = {53C2766B-DE2F-4DB0-81CB-B7CA49FC9770}
	EndGlobalSection
EndGlobal
